Microsoft Visual Studio Solution File, Format Version 12.00
# Visual Studio Version 17
VisualStudioVersion = 17.5.2.0
MinimumVisualStudioVersion = 10.0.40219.1
Project("{FAE04EC0-301F-11D3-BF4B-00C04F79EFBC}") = "tl1-tp6-2025-ElAguhs", "tl1-tp6-2025-ElAguhs.csproj", "{1623F45A-04F6-554E-1A7B-734F12938D95}"
EndProject
Global
	GlobalSection(SolutionConfigurationPlatforms) = preSolution
		Debug|Any CPU = Debug|Any CPU
		Release|Any CPU = Release|Any CPU
	EndGlobalSection
	GlobalSection(ProjectConfigurationPlatforms) = postSolution
		{1623F45A-04F6-554E-1A7B-734F12938D95}.Debug|Any CPU.ActiveCfg = Debug|Any CPU
		{1623F45A-04F6-554E-1A7B-734F12938D95}.Debug|Any CPU.Build.0 = Debug|Any CPU
		{1623F45A-04F6-554E-1A7B-734F12938D95}.Release|Any CPU.ActiveCfg = Release|Any CPU
		{1623F45A-04F6-554E-1A7B-734F12938D95}.Release|Any CPU.Build.0 = Release|Any CPU
	EndGlobalSection
	GlobalSection(SolutionProperties) = preSolution
		HideSolutionNode = FALSE
	EndGlobalSection
	GlobalSection(ExtensibilityGlobals) = postSolution
		SolutionGuid = {D912F647-D95D-46DE-BAB6-57F6F78E2350}
	EndGlobalSection
EndGlobal
